// !$*UTF8*$!
{
	archiveVersion = 1;
	classes = {
	};
	objectVersion = 77;
	objects = {

/* Begin PBXBuildFile section */
		F425035C2EE09F99007D79A1 /* RegisterView.swift in Sources */ = {isa = PBXBuildFile; fileRef = F425035B2EE09F8E007D79A1 /* RegisterView.swift */; };
		F425035E2EE1BADD007D79A1 /* CandidatesListView.swift in Sources */ = {isa = PBXBuildFile; fileRef = F425035D2EE1BACA007D79A1 /* CandidatesListView.swift */; };
		F42503602EE1D18F007D79A1 /* CandidateView.swift in Sources */ = {isa = PBXBuildFile; fileRef = F425035F2EE1D18F007D79A1 /* CandidateView.swift */; };
		F42503662EE1F588007D79A1 /* SearchField.swift in Sources */ = {isa = PBXBuildFile; fileRef = F42503652EE1F588007D79A1 /* SearchField.swift */; };
		F42503682EE1F718007D79A1 /* CandidateCard.swift in Sources */ = {isa = PBXBuildFile; fileRef = F42503672EE1F6F7007D79A1 /* CandidateCard.swift */; };
		F425036A2EE1F7FE007D79A1 /* EmptyState.swift in Sources */ = {isa = PBXBuildFile; fileRef = F42503692EE1F7FE007D79A1 /* EmptyState.swift */; };
		F425036C2EE1FA13007D79A1 /* CandidatesList.swift in Sources */ = {isa = PBXBuildFile; fileRef = F425036B2EE1FA13007D79A1 /* CandidatesList.swift */; };
		F425036E2EE20121007D79A1 /* Candidate.swift in Sources */ = {isa = PBXBuildFile; fileRef = F425036D2EE2010B007D79A1 /* Candidate.swift */; };
		F43C17E02EDF7B5C009D9423 /* SignInView.swift in Sources */ = {isa = PBXBuildFile; fileRef = F43C17DD2EDF7B5C009D9423 /* SignInView.swift */; };
		F43C17E12EDF7B5C009D9423 /* VitesseApp.swift in Sources */ = {isa = PBXBuildFile; fileRef = F43C17DE2EDF7B5C009D9423 /* VitesseApp.swift */; };
		F43C17E22EDF7B5C009D9423 /* Assets.xcassets in Resources */ = {isa = PBXBuildFile; fileRef = F43C17DC2EDF7B5C009D9423 /* Assets.xcassets */; };
		F4907C692EE079C300E79D35 /* HTTPMethod.swift in Sources */ = {isa = PBXBuildFile; fileRef = F4907C662EE079C300E79D35 /* HTTPMethod.swift */; };
		F4907C6A2EE079C300E79D35 /* URLRequest.swift in Sources */ = {isa = PBXBuildFile; fileRef = F4907C672EE079C300E79D35 /* URLRequest.swift */; };
		F4907C6E2EE07EB600E79D35 /* AppBackground.swift in Sources */ = {isa = PBXBuildFile; fileRef = F4907C6D2EE07EB600E79D35 /* AppBackground.swift */; };
		F4907C712EE0805B00E79D35 /* CardContainer.swift in Sources */ = {isa = PBXBuildFile; fileRef = F4907C702EE0803F00E79D35 /* CardContainer.swift */; };
		F49AA2392EF062C200240CA0 /* Repository.swift in Sources */ = {isa = PBXBuildFile; fileRef = F49AA2382EF062A500240CA0 /* Repository.swift */; };
		F49AA23D2EF06A0700240CA0 /* AuthenticationViewModel.swift in Sources */ = {isa = PBXBuildFile; fileRef = F49AA23C2EF069F800240CA0 /* AuthenticationViewModel.swift */; };
		F49AA2402EF17BF300240CA0 /* Keychain.swift in Sources */ = {isa = PBXBuildFile; fileRef = F49AA23F2EF17BED00240CA0 /* Keychain.swift */; };
		F49AA2442EF1C5CA00240CA0 /* RegisterViewModel.swift in Sources */ = {isa = PBXBuildFile; fileRef = F49AA2432EF1C5B700240CA0 /* RegisterViewModel.swift */; };
		F4C5DA492EE30D5000771A81 /* CandidatesListViewModel.swift in Sources */ = {isa = PBXBuildFile; fileRef = F4C5DA482EE30D5000771A81 /* CandidatesListViewModel.swift */; };
/* End PBXBuildFile section */

/* Begin PBXContainerItemProxy section */
		F43C17C02EDF790A009D9423 /* PBXContainerItemProxy */ = {
			isa = PBXContainerItemProxy;
			containerPortal = F43C17AA2EDF7909009D9423 /* Project object */;
			proxyType = 1;
			remoteGlobalIDString = F43C17B12EDF7909009D9423;
			remoteInfo = Vitesse;
		};
		F43C17CA2EDF790A009D9423 /* PBXContainerItemProxy */ = {
			isa = PBXContainerItemProxy;
			containerPortal = F43C17AA2EDF7909009D9423 /* Project object */;
			proxyType = 1;
			remoteGlobalIDString = F43C17B12EDF7909009D9423;
			remoteInfo = Vitesse;
		};
/* End PBXContainerItemProxy section */

/* Begin PBXFileReference section */
		F425035B2EE09F8E007D79A1 /* RegisterView.swift */ = {isa = PBXFileReference; lastKnownFileType = sourcecode.swift; path = RegisterView.swift; sourceTree = "<group>"; };
		F425035D2EE1BACA007D79A1 /* CandidatesListView.swift */ = {isa = PBXFileReference; lastKnownFileType = sourcecode.swift; path = CandidatesListView.swift; sourceTree = "<group>"; };
		F425035F2EE1D18F007D79A1 /* CandidateView.swift */ = {isa = PBXFileReference; lastKnownFileType = sourcecode.swift; path = CandidateView.swift; sourceTree = "<group>"; };
		F42503652EE1F588007D79A1 /* SearchField.swift */ = {isa = PBXFileReference; lastKnownFileType = sourcecode.swift; path = SearchField.swift; sourceTree = "<group>"; };
		F42503672EE1F6F7007D79A1 /* CandidateCard.swift */ = {isa = PBXFileReference; lastKnownFileType = sourcecode.swift; path = CandidateCard.swift; sourceTree = "<group>"; };
		F42503692EE1F7FE007D79A1 /* EmptyState.swift */ = {isa = PBXFileReference; lastKnownFileType = sourcecode.swift; path = EmptyState.swift; sourceTree = "<group>"; };
		F425036B2EE1FA13007D79A1 /* CandidatesList.swift */ = {isa = PBXFileReference; lastKnownFileType = sourcecode.swift; path = CandidatesList.swift; sourceTree = "<group>"; };
		F425036D2EE2010B007D79A1 /* Candidate.swift */ = {isa = PBXFileReference; lastKnownFileType = sourcecode.swift; path = Candidate.swift; sourceTree = "<group>"; };
		F43C17B22EDF7909009D9423 /* Vitesse.app */ = {isa = PBXFileReference; explicitFileType = wrapper.application; includeInIndex = 0; path = Vitesse.app; sourceTree = BUILT_PRODUCTS_DIR; };
		F43C17BF2EDF790A009D9423 /* VitesseTests.xctest */ = {isa = PBXFileReference; explicitFileType = wrapper.cfbundle; includeInIndex = 0; path = VitesseTests.xctest; sourceTree = BUILT_PRODUCTS_DIR; };
		F43C17C92EDF790A009D9423 /* VitesseUITests.xctest */ = {isa = PBXFileReference; explicitFileType = wrapper.cfbundle; includeInIndex = 0; path = VitesseUITests.xctest; sourceTree = BUILT_PRODUCTS_DIR; };
		F43C17DC2EDF7B5C009D9423 /* Assets.xcassets */ = {isa = PBXFileReference; lastKnownFileType = folder.assetcatalog; path = Assets.xcassets; sourceTree = "<group>"; };
		F43C17DD2EDF7B5C009D9423 /* SignInView.swift */ = {isa = PBXFileReference; lastKnownFileType = sourcecode.swift; path = SignInView.swift; sourceTree = "<group>"; };
		F43C17DE2EDF7B5C009D9423 /* VitesseApp.swift */ = {isa = PBXFileReference; lastKnownFileType = sourcecode.swift; path = VitesseApp.swift; sourceTree = "<group>"; };
		F4907C662EE079C300E79D35 /* HTTPMethod.swift */ = {isa = PBXFileReference; lastKnownFileType = sourcecode.swift; path = HTTPMethod.swift; sourceTree = "<group>"; };
		F4907C672EE079C300E79D35 /* URLRequest.swift */ = {isa = PBXFileReference; lastKnownFileType = sourcecode.swift; path = URLRequest.swift; sourceTree = "<group>"; };
		F4907C6D2EE07EB600E79D35 /* AppBackground.swift */ = {isa = PBXFileReference; lastKnownFileType = sourcecode.swift; path = AppBackground.swift; sourceTree = "<group>"; };
		F4907C702EE0803F00E79D35 /* CardContainer.swift */ = {isa = PBXFileReference; lastKnownFileType = sourcecode.swift; path = CardContainer.swift; sourceTree = "<group>"; };
		F49AA2382EF062A500240CA0 /* Repository.swift */ = {isa = PBXFileReference; lastKnownFileType = sourcecode.swift; path = Repository.swift; sourceTree = "<group>"; };
		F49AA23C2EF069F800240CA0 /* AuthenticationViewModel.swift */ = {isa = PBXFileReference; lastKnownFileType = sourcecode.swift; path = AuthenticationViewModel.swift; sourceTree = "<group>"; };
		F49AA23F2EF17BED00240CA0 /* Keychain.swift */ = {isa = PBXFileReference; lastKnownFileType = sourcecode.swift; path = Keychain.swift; sourceTree = "<group>"; };
		F49AA2432EF1C5B700240CA0 /* RegisterViewModel.swift */ = {isa = PBXFileReference; lastKnownFileType = sourcecode.swift; path = RegisterViewModel.swift; sourceTree = "<group>"; };
		F4C5DA482EE30D5000771A81 /* CandidatesListViewModel.swift */ = {isa = PBXFileReference; lastKnownFileType = sourcecode.swift; path = CandidatesListViewModel.swift; sourceTree = "<group>"; };
/* End PBXFileReference section */

/* Begin PBXFrameworksBuildPhase section */
		F43C17AF2EDF7909009D9423 /* Frameworks */ = {
			isa = PBXFrameworksBuildPhase;
			buildActionMask = 2147483647;
			files = (
			);
			runOnlyForDeploymentPostprocessing = 0;
		};
		F43C17BC2EDF790A009D9423 /* Frameworks */ = {
			isa = PBXFrameworksBuildPhase;
			buildActionMask = 2147483647;
			files = (
			);
			runOnlyForDeploymentPostprocessing = 0;
		};
		F43C17C62EDF790A009D9423 /* Frameworks */ = {
			isa = PBXFrameworksBuildPhase;
			buildActionMask = 2147483647;
			files = (
			);
			runOnlyForDeploymentPostprocessing = 0;
		};
/* End PBXFrameworksBuildPhase section */

/* Begin PBXGroup section */
		F425036F2EE2012B007D79A1 /* Data */ = {
			isa = PBXGroup;
			children = (
				F425036D2EE2010B007D79A1 /* Candidate.swift */,
			);
			path = Data;
			sourceTree = "<group>";
		};
		F42503702EE20163007D79A1 /* Components */ = {
			isa = PBXGroup;
			children = (
				F42503692EE1F7FE007D79A1 /* EmptyState.swift */,
				F42503652EE1F588007D79A1 /* SearchField.swift */,
				F425036B2EE1FA13007D79A1 /* CandidatesList.swift */,
				F42503672EE1F6F7007D79A1 /* CandidateCard.swift */,
				F4907C702EE0803F00E79D35 /* CardContainer.swift */,
			);
			path = Components;
			sourceTree = "<group>";
		};
		F43C17A92EDF7909009D9423 = {
			isa = PBXGroup;
			children = (
				F43C17DF2EDF7B5C009D9423 /* Vitesse */,
				F43C17B32EDF7909009D9423 /* Products */,
			);
			sourceTree = "<group>";
		};
		F43C17B32EDF7909009D9423 /* Products */ = {
			isa = PBXGroup;
			children = (
				F43C17B22EDF7909009D9423 /* Vitesse.app */,
				F43C17BF2EDF790A009D9423 /* VitesseTests.xctest */,
				F43C17C92EDF790A009D9423 /* VitesseUITests.xctest */,
			);
			name = Products;
			sourceTree = "<group>";
		};
		F43C17DF2EDF7B5C009D9423 /* Vitesse */ = {
			isa = PBXGroup;
			children = (
				F4907C6B2EE079C900E79D35 /* Models */,
				F4907C652EDF83B900E79D35 /* Views */,
				F4907C6C2EE07A4400E79D35 /* ViewModels */,
				F43C17DE2EDF7B5C009D9423 /* VitesseApp.swift */,
				F43C17DC2EDF7B5C009D9423 /* Assets.xcassets */,
			);
			path = Vitesse;
			sourceTree = "<group>";
		};
		F4907C652EDF83B900E79D35 /* Views */ = {
			isa = PBXGroup;
			children = (
				F4907C6F2EE0801000E79D35 /* Shared */,
				F43C17DD2EDF7B5C009D9423 /* SignInView.swift */,
				F425035B2EE09F8E007D79A1 /* RegisterView.swift */,
				F425035D2EE1BACA007D79A1 /* CandidatesListView.swift */,
				F425035F2EE1D18F007D79A1 /* CandidateView.swift */,
			);
			path = Views;
			sourceTree = "<group>";
		};
		F4907C682EE079C300E79D35 /* HTTPClient */ = {
			isa = PBXGroup;
			children = (
				F4907C662EE079C300E79D35 /* HTTPMethod.swift */,
				F4907C672EE079C300E79D35 /* URLRequest.swift */,
			);
			path = HTTPClient;
			sourceTree = "<group>";
		};
		F4907C6B2EE079C900E79D35 /* Models */ = {
			isa = PBXGroup;
			children = (
				F49AA23E2EF17BD300240CA0 /* Services */,
				F49AA2382EF062A500240CA0 /* Repository.swift */,
				F425036F2EE2012B007D79A1 /* Data */,
				F4907C682EE079C300E79D35 /* HTTPClient */,
			);
			path = Models;
			sourceTree = "<group>";
		};
		F4907C6C2EE07A4400E79D35 /* ViewModels */ = {
			isa = PBXGroup;
			children = (
				F49AA2432EF1C5B700240CA0 /* RegisterViewModel.swift */,
				F49AA23C2EF069F800240CA0 /* AuthenticationViewModel.swift */,
				F4C5DA482EE30D5000771A81 /* CandidatesListViewModel.swift */,
			);
			path = ViewModels;
			sourceTree = "<group>";
		};
		F4907C6F2EE0801000E79D35 /* Shared */ = {
			isa = PBXGroup;
			children = (
				F4907C6D2EE07EB600E79D35 /* AppBackground.swift */,
				F42503702EE20163007D79A1 /* Components */,
			);
			path = Shared;
			sourceTree = "<group>";
		};
		F49AA23E2EF17BD300240CA0 /* Services */ = {
			isa = PBXGroup;
			children = (
				F49AA23F2EF17BED00240CA0 /* Keychain.swift */,
			);
			path = Services;
			sourceTree = "<group>";
		};
/* End PBXGroup section */

/* Begin PBXNativeTarget section */
		F43C17B12EDF7909009D9423 /* Vitesse */ = {
			isa = PBXNativeTarget;
			buildConfigurationList = F43C17D32EDF790A009D9423 /* Build configuration list for PBXNativeTarget "Vitesse" */;
			buildPhases = (
				F43C17AE2EDF7909009D9423 /* Sources */,
				F43C17AF2EDF7909009D9423 /* Frameworks */,
				F43C17B02EDF7909009D9423 /* Resources */,
			);
			buildRules = (
			);
			dependencies = (
			);
			name = Vitesse;
			packageProductDependencies = (
			);
			productName = Vitesse;
			productReference = F43C17B22EDF7909009D9423 /* Vitesse.app */;
			productType = "com.apple.product-type.application";
		};
		F43C17BE2EDF790A009D9423 /* VitesseTests */ = {
			isa = PBXNativeTarget;
			buildConfigurationList = F43C17D62EDF790A009D9423 /* Build configuration list for PBXNativeTarget "VitesseTests" */;
			buildPhases = (
				F43C17BB2EDF790A009D9423 /* Sources */,
				F43C17BC2EDF790A009D9423 /* Frameworks */,
				F43C17BD2EDF790A009D9423 /* Resources */,
			);
			buildRules = (
			);
			dependencies = (
				F43C17C12EDF790A009D9423 /* PBXTargetDependency */,
			);
			name = VitesseTests;
			packageProductDependencies = (
			);
			productName = VitesseTests;
			productReference = F43C17BF2EDF790A009D9423 /* VitesseTests.xctest */;
			productType = "com.apple.product-type.bundle.unit-test";
		};
		F43C17C82EDF790A009D9423 /* VitesseUITests */ = {
			isa = PBXNativeTarget;
			buildConfigurationList = F43C17D92EDF790A009D9423 /* Build configuration list for PBXNativeTarget "VitesseUITests" */;
			buildPhases = (
				F43C17C52EDF790A009D9423 /* Sources */,
				F43C17C62EDF790A009D9423 /* Frameworks */,
				F43C17C72EDF790A009D9423 /* Resources */,
			);
			buildRules = (
			);
			dependencies = (
				F43C17CB2EDF790A009D9423 /* PBXTargetDependency */,
			);
			name = VitesseUITests;
			packageProductDependencies = (
			);
			productName = VitesseUITests;
			productReference = F43C17C92EDF790A009D9423 /* VitesseUITests.xctest */;
			productType = "com.apple.product-type.bundle.ui-testing";
		};
/* End PBXNativeTarget section */

/* Begin PBXProject section */
		F43C17AA2EDF7909009D9423 /* Project object */ = {
			isa = PBXProject;
			attributes = {
				BuildIndependentTargetsInParallel = 1;
				LastSwiftUpdateCheck = 2600;
				LastUpgradeCheck = 2600;
				TargetAttributes = {
					F43C17B12EDF7909009D9423 = {
						CreatedOnToolsVersion = 26.0.1;
					};
					F43C17BE2EDF790A009D9423 = {
						CreatedOnToolsVersion = 26.0.1;
						TestTargetID = F43C17B12EDF7909009D9423;
					};
					F43C17C82EDF790A009D9423 = {
						CreatedOnToolsVersion = 26.0.1;
						TestTargetID = F43C17B12EDF7909009D9423;
					};
				};
			};
			buildConfigurationList = F43C17AD2EDF7909009D9423 /* Build configuration list for PBXProject "Vitesse" */;
			developmentRegion = en;
			hasScannedForEncodings = 0;
			knownRegions = (
				en,
				Base,
			);
			mainGroup = F43C17A92EDF7909009D9423;
			minimizedProjectReferenceProxies = 1;
			preferredProjectObjectVersion = 77;
			productRefGroup = F43C17B32EDF7909009D9423 /* Products */;
			projectDirPath = "";
			projectRoot = "";
			targets = (
				F43C17B12EDF7909009D9423 /* Vitesse */,
				F43C17BE2EDF790A009D9423 /* VitesseTests */,
				F43C17C82EDF790A009D9423 /* VitesseUITests */,
			);
		};
/* End PBXProject section */

/* Begin PBXResourcesBuildPhase section */
		F43C17B02EDF7909009D9423 /* Resources */ = {
			isa = PBXResourcesBuildPhase;
			buildActionMask = 2147483647;
			files = (
				F43C17E22EDF7B5C009D9423 /* Assets.xcassets in Resources */,
			);
			runOnlyForDeploymentPostprocessing = 0;
		};
		F43C17BD2EDF790A009D9423 /* Resources */ = {
			isa = PBXResourcesBuildPhase;
			buildActionMask = 2147483647;
			files = (
			);
			runOnlyForDeploymentPostprocessing = 0;
		};
		F43C17C72EDF790A009D9423 /* Resources */ = {
			isa = PBXResourcesBuildPhase;
			buildActionMask = 2147483647;
			files = (
			);
			runOnlyForDeploymentPostprocessing = 0;
		};
/* End PBXResourcesBuildPhase section */

/* Begin PBXSourcesBuildPhase section */
		F43C17AE2EDF7909009D9423 /* Sources */ = {
			isa = PBXSourcesBuildPhase;
			buildActionMask = 2147483647;
			files = (
				F4907C6E2EE07EB600E79D35 /* AppBackground.swift in Sources */,
				F425036A2EE1F7FE007D79A1 /* EmptyState.swift in Sources */,
				F49AA23D2EF06A0700240CA0 /* AuthenticationViewModel.swift in Sources */,
				F43C17E02EDF7B5C009D9423 /* SignInView.swift in Sources */,
				F42503602EE1D18F007D79A1 /* CandidateView.swift in Sources */,
				F4C5DA492EE30D5000771A81 /* CandidatesListViewModel.swift in Sources */,
				F43C17E12EDF7B5C009D9423 /* VitesseApp.swift in Sources */,
				F425035C2EE09F99007D79A1 /* RegisterView.swift in Sources */,
				F49AA2442EF1C5CA00240CA0 /* RegisterViewModel.swift in Sources */,
				F425035E2EE1BADD007D79A1 /* CandidatesListView.swift in Sources */,
				F425036E2EE20121007D79A1 /* Candidate.swift in Sources */,
				F49AA2392EF062C200240CA0 /* Repository.swift in Sources */,
				F42503662EE1F588007D79A1 /* SearchField.swift in Sources */,
				F4907C692EE079C300E79D35 /* HTTPMethod.swift in Sources */,
				F49AA2402EF17BF300240CA0 /* Keychain.swift in Sources */,
				F4907C6A2EE079C300E79D35 /* URLRequest.swift in Sources */,
				F42503682EE1F718007D79A1 /* CandidateCard.swift in Sources */,
				F4907C712EE0805B00E79D35 /* CardContainer.swift in Sources */,
				F425036C2EE1FA13007D79A1 /* CandidatesList.swift in Sources */,
			);
			runOnlyForDeploymentPostprocessing = 0;
		};
		F43C17BB2EDF790A009D9423 /* Sources */ = {
			isa = PBXSourcesBuildPhase;
			buildActionMask = 2147483647;
			files = (
			);
			runOnlyForDeploymentPostprocessing = 0;
		};
		F43C17C52EDF790A009D9423 /* Sources */ = {
			isa = PBXSourcesBuildPhase;
			buildActionMask = 2147483647;
			files = (
			);
			runOnlyForDeploymentPostprocessing = 0;
		};
/* End PBXSourcesBuildPhase section */

/* Begin PBXTargetDependency section */
		F43C17C12EDF790A009D9423 /* PBXTargetDependency */ = {
			isa = PBXTargetDependency;
			target = F43C17B12EDF7909009D9423 /* Vitesse */;
			targetProxy = F43C17C02EDF790A009D9423 /* PBXContainerItemProxy */;
		};
		F43C17CB2EDF790A009D9423 /* PBXTargetDependency */ = {
			isa = PBXTargetDependency;
			target = F43C17B12EDF7909009D9423 /* Vitesse */;
			targetProxy = F43C17CA2EDF790A009D9423 /* PBXContainerItemProxy */;
		};
/* End PBXTargetDependency section */

/* Begin XCBuildConfiguration section */
		F43C17D12EDF790A009D9423 /* Debug */ = {
			isa = XCBuildConfiguration;
			buildSettings = {
				ALWAYS_SEARCH_USER_PATHS = NO;
				ASSETCATALOG_COMPILER_GENERATE_SWIFT_ASSET_SYMBOL_EXTENSIONS = YES;
				CLANG_ANALYZER_NONNULL = YES;
				CLANG_ANALYZER_NUMBER_OBJECT_CONVERSION = YES_AGGRESSIVE;
				CLANG_CXX_LANGUAGE_STANDARD = "gnu++20";
				CLANG_ENABLE_MODULES = YES;
				CLANG_ENABLE_OBJC_ARC = YES;
				CLANG_ENABLE_OBJC_WEAK = YES;
				CLANG_WARN_BLOCK_CAPTURE_AUTORELEASING = YES;
				CLANG_WARN_BOOL_CONVERSION = YES;
				CLANG_WARN_COMMA = YES;
				CLANG_WARN_CONSTANT_CONVERSION = YES;
				CLANG_WARN_DEPRECATED_OBJC_IMPLEMENTATIONS = YES;
				CLANG_WARN_DIRECT_OBJC_ISA_USAGE = YES_ERROR;
				CLANG_WARN_DOCUMENTATION_COMMENTS = YES;
				CLANG_WARN_EMPTY_BODY = YES;
				CLANG_WARN_ENUM_CONVERSION = YES;
				CLANG_WARN_INFINITE_RECURSION = YES;
				CLANG_WARN_INT_CONVERSION = YES;
				CLANG_WARN_NON_LITERAL_NULL_CONVERSION = YES;
				CLANG_WARN_OBJC_IMPLICIT_RETAIN_SELF = YES;
				CLANG_WARN_OBJC_LITERAL_CONVERSION = YES;
				CLANG_WARN_OBJC_ROOT_CLASS = YES_ERROR;
				CLANG_WARN_QUOTED_INCLUDE_IN_FRAMEWORK_HEADER = YES;
				CLANG_WARN_RANGE_LOOP_ANALYSIS = YES;
				CLANG_WARN_STRICT_PROTOTYPES = YES;
				CLANG_WARN_SUSPICIOUS_MOVE = YES;
				CLANG_WARN_UNGUARDED_AVAILABILITY = YES_AGGRESSIVE;
				CLANG_WARN_UNREACHABLE_CODE = YES;
				CLANG_WARN__DUPLICATE_METHOD_MATCH = YES;
				COPY_PHASE_STRIP = NO;
				DEBUG_INFORMATION_FORMAT = dwarf;
				DEVELOPMENT_TEAM = MF8276A56P;
				ENABLE_STRICT_OBJC_MSGSEND = YES;
				ENABLE_TESTABILITY = YES;
				ENABLE_USER_SCRIPT_SANDBOXING = YES;
				GCC_C_LANGUAGE_STANDARD = gnu17;
				GCC_DYNAMIC_NO_PIC = NO;
				GCC_NO_COMMON_BLOCKS = YES;
				GCC_OPTIMIZATION_LEVEL = 0;
				GCC_PREPROCESSOR_DEFINITIONS = (
					"DEBUG=1",
					"$(inherited)",
				);
				GCC_WARN_64_TO_32_BIT_CONVERSION = YES;
				GCC_WARN_ABOUT_RETURN_TYPE = YES_ERROR;
				GCC_WARN_UNDECLARED_SELECTOR = YES;
				GCC_WARN_UNINITIALIZED_AUTOS = YES_AGGRESSIVE;
				GCC_WARN_UNUSED_FUNCTION = YES;
				GCC_WARN_UNUSED_VARIABLE = YES;
				IPHONEOS_DEPLOYMENT_TARGET = 26.0;
				LOCALIZATION_PREFERS_STRING_CATALOGS = YES;
				MTL_ENABLE_DEBUG_INFO = INCLUDE_SOURCE;
				MTL_FAST_MATH = YES;
				ONLY_ACTIVE_ARCH = YES;
				SDKROOT = iphoneos;
				SWIFT_ACTIVE_COMPILATION_CONDITIONS = "DEBUG $(inherited)";
				SWIFT_OPTIMIZATION_LEVEL = "-Onone";
			};
			name = Debug;
		};
		F43C17D22EDF790A009D9423 /* Release */ = {
			isa = XCBuildConfiguration;
			buildSettings = {
				ALWAYS_SEARCH_USER_PATHS = NO;
				ASSETCATALOG_COMPILER_GENERATE_SWIFT_ASSET_SYMBOL_EXTENSIONS = YES;
				CLANG_ANALYZER_NONNULL = YES;
				CLANG_ANALYZER_NUMBER_OBJECT_CONVERSION = YES_AGGRESSIVE;
				CLANG_CXX_LANGUAGE_STANDARD = "gnu++20";
				CLANG_ENABLE_MODULES = YES;
				CLANG_ENABLE_OBJC_ARC = YES;
				CLANG_ENABLE_OBJC_WEAK = YES;
				CLANG_WARN_BLOCK_CAPTURE_AUTORELEASING = YES;
				CLANG_WARN_BOOL_CONVERSION = YES;
				CLANG_WARN_COMMA = YES;
				CLANG_WARN_CONSTANT_CONVERSION = YES;
				CLANG_WARN_DEPRECATED_OBJC_IMPLEMENTATIONS = YES;
				CLANG_WARN_DIRECT_OBJC_ISA_USAGE = YES_ERROR;
				CLANG_WARN_DOCUMENTATION_COMMENTS = YES;
				CLANG_WARN_EMPTY_BODY = YES;
				CLANG_WARN_ENUM_CONVERSION = YES;
				CLANG_WARN_INFINITE_RECURSION = YES;
				CLANG_WARN_INT_CONVERSION = YES;
				CLANG_WARN_NON_LITERAL_NULL_CONVERSION = YES;
				CLANG_WARN_OBJC_IMPLICIT_RETAIN_SELF = YES;
				CLANG_WARN_OBJC_LITERAL_CONVERSION = YES;
				CLANG_WARN_OBJC_ROOT_CLASS = YES_ERROR;
				CLANG_WARN_QUOTED_INCLUDE_IN_FRAMEWORK_HEADER = YES;
				CLANG_WARN_RANGE_LOOP_ANALYSIS = YES;
				CLANG_WARN_STRICT_PROTOTYPES = YES;
				CLANG_WARN_SUSPICIOUS_MOVE = YES;
				CLANG_WARN_UNGUARDED_AVAILABILITY = YES_AGGRESSIVE;
				CLANG_WARN_UNREACHABLE_CODE = YES;
				CLANG_WARN__DUPLICATE_METHOD_MATCH = YES;
				COPY_PHASE_STRIP = NO;
				DEBUG_INFORMATION_FORMAT = "dwarf-with-dsym";
				DEVELOPMENT_TEAM = MF8276A56P;
				ENABLE_NS_ASSERTIONS = NO;
				ENABLE_STRICT_OBJC_MSGSEND = YES;
				ENABLE_USER_SCRIPT_SANDBOXING = YES;
				GCC_C_LANGUAGE_STANDARD = gnu17;
				GCC_NO_COMMON_BLOCKS = YES;
				GCC_WARN_64_TO_32_BIT_CONVERSION = YES;
				GCC_WARN_ABOUT_RETURN_TYPE = YES_ERROR;
				GCC_WARN_UNDECLARED_SELECTOR = YES;
				GCC_WARN_UNINITIALIZED_AUTOS = YES_AGGRESSIVE;
				GCC_WARN_UNUSED_FUNCTION = YES;
				GCC_WARN_UNUSED_VARIABLE = YES;
				IPHONEOS_DEPLOYMENT_TARGET = 26.0;
				LOCALIZATION_PREFERS_STRING_CATALOGS = YES;
				MTL_ENABLE_DEBUG_INFO = NO;
				MTL_FAST_MATH = YES;
				SDKROOT = iphoneos;
				SWIFT_COMPILATION_MODE = wholemodule;
				VALIDATE_PRODUCT = YES;
			};
			name = Release;
		};
		F43C17D42EDF790A009D9423 /* Debug */ = {
			isa = XCBuildConfiguration;
			buildSettings = {
				ASSETCATALOG_COMPILER_APPICON_NAME = AppIcon;
				ASSETCATALOG_COMPILER_GLOBAL_ACCENT_COLOR_NAME = AccentColor;
				CODE_SIGN_STYLE = Automatic;
				CURRENT_PROJECT_VERSION = 1;
				DEVELOPMENT_TEAM = MF8276A56P;
				ENABLE_PREVIEWS = YES;
				GENERATE_INFOPLIST_FILE = YES;
				INFOPLIST_KEY_UIApplicationSceneManifest_Generation = YES;
				INFOPLIST_KEY_UIApplicationSupportsIndirectInputEvents = YES;
				INFOPLIST_KEY_UILaunchScreen_Generation = YES;
				INFOPLIST_KEY_UISupportedInterfaceOrientations = UIInterfaceOrientationPortrait;
				INFOPLIST_KEY_UISupportedInterfaceOrientations_iPad = "UIInterfaceOrientationLandscapeLeft UIInterfaceOrientationLandscapeRight UIInterfaceOrientationPortrait UIInterfaceOrientationPortraitUpsideDown";
				IPHONEOS_DEPLOYMENT_TARGET = 16.0;
				LD_RUNPATH_SEARCH_PATHS = (
					"$(inherited)",
					"@executable_path/Frameworks",
				);
				MARKETING_VERSION = 1.0;
				PRODUCT_BUNDLE_IDENTIFIER = com.Vitesse;
				PRODUCT_NAME = "$(TARGET_NAME)";
				STRING_CATALOG_GENERATE_SYMBOLS = YES;
				SUPPORTED_PLATFORMS = "iphoneos iphonesimulator";
				SUPPORTS_MACCATALYST = NO;
				SUPPORTS_MAC_DESIGNED_FOR_IPHONE_IPAD = NO;
				SUPPORTS_XR_DESIGNED_FOR_IPHONE_IPAD = NO;
				SWIFT_APPROACHABLE_CONCURRENCY = YES;
				SWIFT_DEFAULT_ACTOR_ISOLATION = MainActor;
				SWIFT_EMIT_LOC_STRINGS = YES;
				SWIFT_UPCOMING_FEATURE_MEMBER_IMPORT_VISIBILITY = YES;
				SWIFT_VERSION = 5.0;
				TARGETED_DEVICE_FAMILY = 1;
			};
			name = Debug;
		};
		F43C17D52EDF790A009D9423 /* Release */ = {
			isa = XCBuildConfiguration;
			buildSettings = {
				ASSETCATALOG_COMPILER_APPICON_NAME = AppIcon;
				ASSETCATALOG_COMPILER_GLOBAL_ACCENT_COLOR_NAME = AccentColor;
				CODE_SIGN_STYLE = Automatic;
				CURRENT_PROJECT_VERSION = 1;
				DEVELOPMENT_TEAM = MF8276A56P;
				ENABLE_PREVIEWS = YES;
				GENERATE_INFOPLIST_FILE = YES;
				INFOPLIST_KEY_UIApplicationSceneManifest_Generation = YES;
				INFOPLIST_KEY_UIApplicationSupportsIndirectInputEvents = YES;
				INFOPLIST_KEY_UILaunchScreen_Generation = YES;
				INFOPLIST_KEY_UISupportedInterfaceOrientations = UIInterfaceOrientationPortrait;
				INFOPLIST_KEY_UISupportedInterfaceOrientations_iPad = "UIInterfaceOrientationLandscapeLeft UIInterfaceOrientationLandscapeRight UIInterfaceOrientationPortrait UIInterfaceOrientationPortraitUpsideDown";
				IPHONEOS_DEPLOYMENT_TARGET = 16.0;
				LD_RUNPATH_SEARCH_PATHS = (
					"$(inherited)",
					"@executable_path/Frameworks",
				);
				MARKETING_VERSION = 1.0;
				PRODUCT_BUNDLE_IDENTIFIER = com.Vitesse;
				PRODUCT_NAME = "$(TARGET_NAME)";
				STRING_CATALOG_GENERATE_SYMBOLS = YES;
				SUPPORTED_PLATFORMS = "iphoneos iphonesimulator";
				SUPPORTS_MACCATALYST = NO;
				SUPPORTS_MAC_DESIGNED_FOR_IPHONE_IPAD = NO;
				SUPPORTS_XR_DESIGNED_FOR_IPHONE_IPAD = NO;
				SWIFT_APPROACHABLE_CONCURRENCY = YES;
				SWIFT_DEFAULT_ACTOR_ISOLATION = MainActor;
				SWIFT_EMIT_LOC_STRINGS = YES;
				SWIFT_UPCOMING_FEATURE_MEMBER_IMPORT_VISIBILITY = YES;
				SWIFT_VERSION = 5.0;
				TARGETED_DEVICE_FAMILY = 1;
			};
			name = Release;
		};
		F43C17D72EDF790A009D9423 /* Debug */ = {
			isa = XCBuildConfiguration;
			buildSettings = {
				BUNDLE_LOADER = "$(TEST_HOST)";
				CODE_SIGN_STYLE = Automatic;
				CURRENT_PROJECT_VERSION = 1;
				DEVELOPMENT_TEAM = MF8276A56P;
				GENERATE_INFOPLIST_FILE = YES;
				IPHONEOS_DEPLOYMENT_TARGET = 26.0;
				MARKETING_VERSION = 1.0;
				PRODUCT_BUNDLE_IDENTIFIER = com.VitesseTests;
				PRODUCT_NAME = "$(TARGET_NAME)";
				STRING_CATALOG_GENERATE_SYMBOLS = NO;
				SWIFT_APPROACHABLE_CONCURRENCY = YES;
				SWIFT_EMIT_LOC_STRINGS = NO;
				SWIFT_UPCOMING_FEATURE_MEMBER_IMPORT_VISIBILITY = YES;
				SWIFT_VERSION = 5.0;
				TARGETED_DEVICE_FAMILY = "1,2";
				TEST_HOST = "$(BUILT_PRODUCTS_DIR)/Vitesse.app/$(BUNDLE_EXECUTABLE_FOLDER_PATH)/Vitesse";
			};
			name = Debug;
		};
		F43C17D82EDF790A009D9423 /* Release */ = {
			isa = XCBuildConfiguration;
			buildSettings = {
				BUNDLE_LOADER = "$(TEST_HOST)";
				CODE_SIGN_STYLE = Automatic;
				CURRENT_PROJECT_VERSION = 1;
				DEVELOPMENT_TEAM = MF8276A56P;
				GENERATE_INFOPLIST_FILE = YES;
				IPHONEOS_DEPLOYMENT_TARGET = 26.0;
				MARKETING_VERSION = 1.0;
				PRODUCT_BUNDLE_IDENTIFIER = com.VitesseTests;
				PRODUCT_NAME = "$(TARGET_NAME)";
				STRING_CATALOG_GENERATE_SYMBOLS = NO;
				SWIFT_APPROACHABLE_CONCURRENCY = YES;
				SWIFT_EMIT_LOC_STRINGS = NO;
				SWIFT_UPCOMING_FEATURE_MEMBER_IMPORT_VISIBILITY = YES;
				SWIFT_VERSION = 5.0;
				TARGETED_DEVICE_FAMILY = "1,2";
				TEST_HOST = "$(BUILT_PRODUCTS_DIR)/Vitesse.app/$(BUNDLE_EXECUTABLE_FOLDER_PATH)/Vitesse";
			};
			name = Release;
		};
		F43C17DA2EDF790A009D9423 /* Debug */ = {
			isa = XCBuildConfiguration;
			buildSettings = {
				CODE_SIGN_STYLE = Automatic;
				CURRENT_PROJECT_VERSION = 1;
				DEVELOPMENT_TEAM = MF8276A56P;
				GENERATE_INFOPLIST_FILE = YES;
				MARKETING_VERSION = 1.0;
				PRODUCT_BUNDLE_IDENTIFIER = com.VitesseUITests;
				PRODUCT_NAME = "$(TARGET_NAME)";
				STRING_CATALOG_GENERATE_SYMBOLS = NO;
				SWIFT_APPROACHABLE_CONCURRENCY = YES;
				SWIFT_EMIT_LOC_STRINGS = NO;
				SWIFT_UPCOMING_FEATURE_MEMBER_IMPORT_VISIBILITY = YES;
				SWIFT_VERSION = 5.0;
				TARGETED_DEVICE_FAMILY = "1,2";
				TEST_TARGET_NAME = Vitesse;
			};
			name = Debug;
		};
		F43C17DB2EDF790A009D9423 /* Release */ = {
			isa = XCBuildConfiguration;
			buildSettings = {
				CODE_SIGN_STYLE = Automatic;
				CURRENT_PROJECT_VERSION = 1;
				DEVELOPMENT_TEAM = MF8276A56P;
				GENERATE_INFOPLIST_FILE = YES;
				MARKETING_VERSION = 1.0;
				PRODUCT_BUNDLE_IDENTIFIER = com.VitesseUITests;
				PRODUCT_NAME = "$(TARGET_NAME)";
				STRING_CATALOG_GENERATE_SYMBOLS = NO;
				SWIFT_APPROACHABLE_CONCURRENCY = YES;
				SWIFT_EMIT_LOC_STRINGS = NO;
				SWIFT_UPCOMING_FEATURE_MEMBER_IMPORT_VISIBILITY = YES;
				SWIFT_VERSION = 5.0;
				TARGETED_DEVICE_FAMILY = "1,2";
				TEST_TARGET_NAME = Vitesse;
			};
			name = Release;
		};
/* End XCBuildConfiguration section */

/* Begin XCConfigurationList section */
		F43C17AD2EDF7909009D9423 /* Build configuration list for PBXProject "Vitesse" */ = {
			isa = XCConfigurationList;
			buildConfigurations = (
				F43C17D12EDF790A009D9423 /* Debug */,
				F43C17D22EDF790A009D9423 /* Release */,
			);
			defaultConfigurationIsVisible = 0;
			defaultConfigurationName = Release;
		};
		F43C17D32EDF790A009D9423 /* Build configuration list for PBXNativeTarget "Vitesse" */ = {
			isa = XCConfigurationList;
			buildConfigurations = (
				F43C17D42EDF790A009D9423 /* Debug */,
				F43C17D52EDF790A009D9423 /* Release */,
			);
			defaultConfigurationIsVisible = 0;
			defaultConfigurationName = Release;
		};
		F43C17D62EDF790A009D9423 /* Build configuration list for PBXNativeTarget "VitesseTests" */ = {
			isa = XCConfigurationList;
			buildConfigurations = (
				F43C17D72EDF790A009D9423 /* Debug */,
				F43C17D82EDF790A009D9423 /* Release */,
			);
			defaultConfigurationIsVisible = 0;
			defaultConfigurationName = Release;
		};
		F43C17D92EDF790A009D9423 /* Build configuration list for PBXNativeTarget "VitesseUITests" */ = {
			isa = XCConfigurationList;
			buildConfigurations = (
				F43C17DA2EDF790A009D9423 /* Debug */,
				F43C17DB2EDF790A009D9423 /* Release */,
			);
			defaultConfigurationIsVisible = 0;
			defaultConfigurationName = Release;
		};
/* End XCConfigurationList section */
	};
	rootObject = F43C17AA2EDF7909009D9423 /* Project object */;
}
